
Microsoft Visual Studio Solution File, Format Version 12.00
Project("{2150E333-8FDC-42A3-9474-1A3956D46DE8}") = "src", "src", "{30E5B952-7C62-4F21-86B9-D5011E46B862}"
EndProject
Project("{2150E333-8FDC-42A3-9474-1A3956D46DE8}") = "tests", "tests", "{63166D9C-85C9-48A5-AB85-D505E59D1788}"
EndProject
Project("{FAE04EC0-301F-11D3-BF4B-00C04F79EFBC}") = "eBid.AppHost", "src\eBid.AppHost\eBid.AppHost.csproj", "{C2BE00A5-51CE-48A6-B437-749C8BA3478B}"
EndProject
Project("{FAE04EC0-301F-11D3-BF4B-00C04F79EFBC}") = "eBid.ServiceDefaults", "src\eBid.ServiceDefaults\eBid.ServiceDefaults.csproj", "{C2CEFBC2-8E80-4BEB-A1A4-ABD9ECD7D643}"
EndProject
Project("{2150E333-8FDC-42A3-9474-1A3956D46DE8}") = "Solution Items", "Solution Items", "{C904FF90-B4A1-42BB-B048-C870B417A6D4}"
	ProjectSection(SolutionItems) = preProject
		Directory.Build.targets = Directory.Build.targets
		Directory.Build.props = Directory.Build.props
		Directory.Packages.props = Directory.Packages.props
		nuget.config = nuget.config
		global.json = global.json
		README.md = README.md
		.editorconfig = .editorconfig
		.gitignore = .gitignore
		docker-compose.yml = docker-compose.yml
	EndProjectSection
EndProject
Project("{FAE04EC0-301F-11D3-BF4B-00C04F79EFBC}") = "Bidding.API", "src\Bidding.API\Bidding.API.csproj", "{95214797-4AE6-44E6-9D0E-4FC1BE179A4D}"
EndProject
Project("{FAE04EC0-301F-11D3-BF4B-00C04F79EFBC}") = "Bidding.UnitTests", "tests\Bidding.UnitTests\Bidding.UnitTests.csproj", "{22890126-BCA8-4978-87E4-C71DDB2C87FA}"
EndProject
Project("{FAE04EC0-301F-11D3-BF4B-00C04F79EFBC}") = "BFF", "src\BFF\BFF.csproj", "{6E89430F-FE85-4888-B42C-646D72BFC59E}"
EndProject
Project("{FAE04EC0-301F-11D3-BF4B-00C04F79EFBC}") = "Search.API", "src\Search.API\Search.API.csproj", "{D8283EEB-6882-4242-8F9C-6413B3E1F735}"
EndProject
Project("{FAE04EC0-301F-11D3-BF4B-00C04F79EFBC}") = "EventBus", "src\EventBus\EventBus.csproj", "{37768CF6-E50D-4F0A-9615-AF80CDE0FA27}"
EndProject
Project("{FAE04EC0-301F-11D3-BF4B-00C04F79EFBC}") = "EventBusRabbitMQ", "src\EventBusRabbitMQ\EventBusRabbitMQ.csproj", "{83457116-729B-4309-9D81-8F08B3BAC4D2}"
EndProject
Project("{FAE04EC0-301F-11D3-BF4B-00C04F79EFBC}") = "IntegrationEventLogEF", "src\IntegrationEventLogEF\IntegrationEventLogEF.csproj", "{E4CF2838-CF37-4C3B-8FE3-E10C1858AE1D}"
EndProject
Project("{FAE04EC0-301F-11D3-BF4B-00C04F79EFBC}") = "PaymentProcessor", "src\PaymentProcessor\PaymentProcessor.csproj", "{3A89997D-ED11-4762-9054-60A6005EF646}"
EndProject
Project("{FAE04EC0-301F-11D3-BF4B-00C04F79EFBC}") = "ConsoleApplication", "src\ConsoleApplication\ConsoleApplication.csproj", "{AC8D95A1-935D-41BB-B975-E50F06860AB4}"
EndProject
Project("{FAE04EC0-301F-11D3-BF4B-00C04F79EFBC}") = "Auction.API", "src\Auction.API\Auction.API.csproj", "{EC2C479B-FB1F-4569-8EDD-93F1C986F8DF}"
EndProject
Project("{FAE04EC0-301F-11D3-BF4B-00C04F79EFBC}") = "Identity.API", "src\Identity.API\Identity.API.csproj", "{A39D1ABE-908A-45FA-B2A3-FDBE2A365EAB}"
EndProject
Project("{FAE04EC0-301F-11D3-BF4B-00C04F79EFBC}") = "Bidding.Domain", "src\Bidding.Domain\Bidding.Domain.csproj", "{EDD1D64B-5810-4B56-B33A-8B00CF6068F8}"
EndProject
Project("{FAE04EC0-301F-11D3-BF4B-00C04F79EFBC}") = "Bidding.Infrastructure", "src\Bidding.Infrastructure\Bidding.Infrastructure.csproj", "{C39B5FC3-8548-4D83-856B-F4E4594F0F89}"
EndProject
Project("{FAE04EC0-301F-11D3-BF4B-00C04F79EFBC}") = "BiddingProcessor", "src\BiddingProcessor\BiddingProcessor.csproj", "{7EB971A8-C860-4809-9C1C-99E144928BC4}"
EndProject
Global
	GlobalSection(SolutionConfigurationPlatforms) = preSolution
		Debug|Any CPU = Debug|Any CPU
		Release|Any CPU = Release|Any CPU
	EndGlobalSection
	GlobalSection(NestedProjects) = preSolution
		{C2BE00A5-51CE-48A6-B437-749C8BA3478B} = {30E5B952-7C62-4F21-86B9-D5011E46B862}
		{C2CEFBC2-8E80-4BEB-A1A4-ABD9ECD7D643} = {30E5B952-7C62-4F21-86B9-D5011E46B862}
		{95214797-4AE6-44E6-9D0E-4FC1BE179A4D} = {30E5B952-7C62-4F21-86B9-D5011E46B862}
		{22890126-BCA8-4978-87E4-C71DDB2C87FA} = {63166D9C-85C9-48A5-AB85-D505E59D1788}
		{6E89430F-FE85-4888-B42C-646D72BFC59E} = {30E5B952-7C62-4F21-86B9-D5011E46B862}
		{D8283EEB-6882-4242-8F9C-6413B3E1F735} = {30E5B952-7C62-4F21-86B9-D5011E46B862}
		{37768CF6-E50D-4F0A-9615-AF80CDE0FA27} = {30E5B952-7C62-4F21-86B9-D5011E46B862}
		{83457116-729B-4309-9D81-8F08B3BAC4D2} = {30E5B952-7C62-4F21-86B9-D5011E46B862}
		{E4CF2838-CF37-4C3B-8FE3-E10C1858AE1D} = {30E5B952-7C62-4F21-86B9-D5011E46B862}
		{3A89997D-ED11-4762-9054-60A6005EF646} = {30E5B952-7C62-4F21-86B9-D5011E46B862}
		{AC8D95A1-935D-41BB-B975-E50F06860AB4} = {30E5B952-7C62-4F21-86B9-D5011E46B862}
		{EC2C479B-FB1F-4569-8EDD-93F1C986F8DF} = {30E5B952-7C62-4F21-86B9-D5011E46B862}
		{A39D1ABE-908A-45FA-B2A3-FDBE2A365EAB} = {30E5B952-7C62-4F21-86B9-D5011E46B862}
		{EDD1D64B-5810-4B56-B33A-8B00CF6068F8} = {30E5B952-7C62-4F21-86B9-D5011E46B862}
		{C39B5FC3-8548-4D83-856B-F4E4594F0F89} = {30E5B952-7C62-4F21-86B9-D5011E46B862}
		{7EB971A8-C860-4809-9C1C-99E144928BC4} = {30E5B952-7C62-4F21-86B9-D5011E46B862}
	EndGlobalSection
	GlobalSection(ProjectConfigurationPlatforms) = postSolution
		{C2BE00A5-51CE-48A6-B437-749C8BA3478B}.Debug|Any CPU.ActiveCfg = Debug|Any CPU
		{C2BE00A5-51CE-48A6-B437-749C8BA3478B}.Debug|Any CPU.Build.0 = Debug|Any CPU
		{C2BE00A5-51CE-48A6-B437-749C8BA3478B}.Release|Any CPU.ActiveCfg = Release|Any CPU
		{C2BE00A5-51CE-48A6-B437-749C8BA3478B}.Release|Any CPU.Build.0 = Release|Any CPU
		{C2CEFBC2-8E80-4BEB-A1A4-ABD9ECD7D643}.Debug|Any CPU.ActiveCfg = Debug|Any CPU
		{C2CEFBC2-8E80-4BEB-A1A4-ABD9ECD7D643}.Debug|Any CPU.Build.0 = Debug|Any CPU
		{C2CEFBC2-8E80-4BEB-A1A4-ABD9ECD7D643}.Release|Any CPU.ActiveCfg = Release|Any CPU
		{C2CEFBC2-8E80-4BEB-A1A4-ABD9ECD7D643}.Release|Any CPU.Build.0 = Release|Any CPU
		{95214797-4AE6-44E6-9D0E-4FC1BE179A4D}.Debug|Any CPU.ActiveCfg = Debug|Any CPU
		{95214797-4AE6-44E6-9D0E-4FC1BE179A4D}.Debug|Any CPU.Build.0 = Debug|Any CPU
		{95214797-4AE6-44E6-9D0E-4FC1BE179A4D}.Release|Any CPU.ActiveCfg = Release|Any CPU
		{95214797-4AE6-44E6-9D0E-4FC1BE179A4D}.Release|Any CPU.Build.0 = Release|Any CPU
		{22890126-BCA8-4978-87E4-C71DDB2C87FA}.Debug|Any CPU.ActiveCfg = Debug|Any CPU
		{22890126-BCA8-4978-87E4-C71DDB2C87FA}.Debug|Any CPU.Build.0 = Debug|Any CPU
		{22890126-BCA8-4978-87E4-C71DDB2C87FA}.Release|Any CPU.ActiveCfg = Release|Any CPU
		{22890126-BCA8-4978-87E4-C71DDB2C87FA}.Release|Any CPU.Build.0 = Release|Any CPU
		{6E89430F-FE85-4888-B42C-646D72BFC59E}.Debug|Any CPU.ActiveCfg = Debug|Any CPU
		{6E89430F-FE85-4888-B42C-646D72BFC59E}.Debug|Any CPU.Build.0 = Debug|Any CPU
		{6E89430F-FE85-4888-B42C-646D72BFC59E}.Release|Any CPU.ActiveCfg = Release|Any CPU
		{6E89430F-FE85-4888-B42C-646D72BFC59E}.Release|Any CPU.Build.0 = Release|Any CPU
		{D8283EEB-6882-4242-8F9C-6413B3E1F735}.Debug|Any CPU.ActiveCfg = Debug|Any CPU
		{D8283EEB-6882-4242-8F9C-6413B3E1F735}.Debug|Any CPU.Build.0 = Debug|Any CPU
		{D8283EEB-6882-4242-8F9C-6413B3E1F735}.Release|Any CPU.ActiveCfg = Release|Any CPU
		{D8283EEB-6882-4242-8F9C-6413B3E1F735}.Release|Any CPU.Build.0 = Release|Any CPU
		{37768CF6-E50D-4F0A-9615-AF80CDE0FA27}.Debug|Any CPU.ActiveCfg = Debug|Any CPU
		{37768CF6-E50D-4F0A-9615-AF80CDE0FA27}.Debug|Any CPU.Build.0 = Debug|Any CPU
		{37768CF6-E50D-4F0A-9615-AF80CDE0FA27}.Release|Any CPU.ActiveCfg = Release|Any CPU
		{37768CF6-E50D-4F0A-9615-AF80CDE0FA27}.Release|Any CPU.Build.0 = Release|Any CPU
		{83457116-729B-4309-9D81-8F08B3BAC4D2}.Debug|Any CPU.ActiveCfg = Debug|Any CPU
		{83457116-729B-4309-9D81-8F08B3BAC4D2}.Debug|Any CPU.Build.0 = Debug|Any CPU
		{83457116-729B-4309-9D81-8F08B3BAC4D2}.Release|Any CPU.ActiveCfg = Release|Any CPU
		{83457116-729B-4309-9D81-8F08B3BAC4D2}.Release|Any CPU.Build.0 = Release|Any CPU
		{E4CF2838-CF37-4C3B-8FE3-E10C1858AE1D}.Debug|Any CPU.ActiveCfg = Debug|Any CPU
		{E4CF2838-CF37-4C3B-8FE3-E10C1858AE1D}.Debug|Any CPU.Build.0 = Debug|Any CPU
		{E4CF2838-CF37-4C3B-8FE3-E10C1858AE1D}.Release|Any CPU.ActiveCfg = Release|Any CPU
		{E4CF2838-CF37-4C3B-8FE3-E10C1858AE1D}.Release|Any CPU.Build.0 = Release|Any CPU
		{3A89997D-ED11-4762-9054-60A6005EF646}.Debug|Any CPU.ActiveCfg = Debug|Any CPU
		{3A89997D-ED11-4762-9054-60A6005EF646}.Debug|Any CPU.Build.0 = Debug|Any CPU
		{3A89997D-ED11-4762-9054-60A6005EF646}.Release|Any CPU.ActiveCfg = Release|Any CPU
		{3A89997D-ED11-4762-9054-60A6005EF646}.Release|Any CPU.Build.0 = Release|Any CPU
		{AC8D95A1-935D-41BB-B975-E50F06860AB4}.Debug|Any CPU.ActiveCfg = Debug|Any CPU
		{AC8D95A1-935D-41BB-B975-E50F06860AB4}.Debug|Any CPU.Build.0 = Debug|Any CPU
		{AC8D95A1-935D-41BB-B975-E50F06860AB4}.Release|Any CPU.ActiveCfg = Release|Any CPU
		{AC8D95A1-935D-41BB-B975-E50F06860AB4}.Release|Any CPU.Build.0 = Release|Any CPU
		{EC2C479B-FB1F-4569-8EDD-93F1C986F8DF}.Debug|Any CPU.ActiveCfg = Debug|Any CPU
		{EC2C479B-FB1F-4569-8EDD-93F1C986F8DF}.Debug|Any CPU.Build.0 = Debug|Any CPU
		{EC2C479B-FB1F-4569-8EDD-93F1C986F8DF}.Release|Any CPU.ActiveCfg = Release|Any CPU
		{EC2C479B-FB1F-4569-8EDD-93F1C986F8DF}.Release|Any CPU.Build.0 = Release|Any CPU
		{A39D1ABE-908A-45FA-B2A3-FDBE2A365EAB}.Debug|Any CPU.ActiveCfg = Debug|Any CPU
		{A39D1ABE-908A-45FA-B2A3-FDBE2A365EAB}.Debug|Any CPU.Build.0 = Debug|Any CPU
		{A39D1ABE-908A-45FA-B2A3-FDBE2A365EAB}.Release|Any CPU.ActiveCfg = Release|Any CPU
		{A39D1ABE-908A-45FA-B2A3-FDBE2A365EAB}.Release|Any CPU.Build.0 = Release|Any CPU
		{EDD1D64B-5810-4B56-B33A-8B00CF6068F8}.Debug|Any CPU.ActiveCfg = Debug|Any CPU
		{EDD1D64B-5810-4B56-B33A-8B00CF6068F8}.Debug|Any CPU.Build.0 = Debug|Any CPU
		{EDD1D64B-5810-4B56-B33A-8B00CF6068F8}.Release|Any CPU.ActiveCfg = Release|Any CPU
		{EDD1D64B-5810-4B56-B33A-8B00CF6068F8}.Release|Any CPU.Build.0 = Release|Any CPU
		{C39B5FC3-8548-4D83-856B-F4E4594F0F89}.Debug|Any CPU.ActiveCfg = Debug|Any CPU
		{C39B5FC3-8548-4D83-856B-F4E4594F0F89}.Debug|Any CPU.Build.0 = Debug|Any CPU
		{C39B5FC3-8548-4D83-856B-F4E4594F0F89}.Release|Any CPU.ActiveCfg = Release|Any CPU
		{C39B5FC3-8548-4D83-856B-F4E4594F0F89}.Release|Any CPU.Build.0 = Release|Any CPU
		{7EB971A8-C860-4809-9C1C-99E144928BC4}.Debug|Any CPU.ActiveCfg = Debug|Any CPU
		{7EB971A8-C860-4809-9C1C-99E144928BC4}.Debug|Any CPU.Build.0 = Debug|Any CPU
		{7EB971A8-C860-4809-9C1C-99E144928BC4}.Release|Any CPU.ActiveCfg = Release|Any CPU
		{7EB971A8-C860-4809-9C1C-99E144928BC4}.Release|Any CPU.Build.0 = Release|Any CPU
	EndGlobalSection
EndGlobal
